// !$*UTF8*$!
{
	archiveVersion = 1;
	classes = {
	};
	objectVersion = 50;
	objects = {

/* Begin PBXBuildFile section */
		732860B625F39397001F80F5 /* AppDelegate.swift in Sources */ = {isa = PBXBuildFile; fileRef = 732860B525F39397001F80F5 /* AppDelegate.swift */; };
		732860B825F39397001F80F5 /* SceneDelegate.swift in Sources */ = {isa = PBXBuildFile; fileRef = 732860B725F39397001F80F5 /* SceneDelegate.swift */; };
		732860BA25F39397001F80F5 /* ViewController.swift in Sources */ = {isa = PBXBuildFile; fileRef = 732860B925F39397001F80F5 /* ViewController.swift */; };
		732860BD25F39397001F80F5 /* Main.storyboard in Resources */ = {isa = PBXBuildFile; fileRef = 732860BB25F39397001F80F5 /* Main.storyboard */; };
		732860BF25F39398001F80F5 /* Assets.xcassets in Resources */ = {isa = PBXBuildFile; fileRef = 732860BE25F39398001F80F5 /* Assets.xcassets */; };
		732860C225F39398001F80F5 /* LaunchScreen.storyboard in Resources */ = {isa = PBXBuildFile; fileRef = 732860C025F39398001F80F5 /* LaunchScreen.storyboard */; };
		73A7CD4825F49E0B00AB7792 /* Restaurant.swift in Sources */ = {isa = PBXBuildFile; fileRef = 73A7CD4725F49E0B00AB7792 /* Restaurant.swift */; };
/* End PBXBuildFile section */

/* Begin PBXFileReference section */
		732860B225F39397001F80F5 /* EateryPointFun.app */ = {isa = PBXFileReference; explicitFileType = wrapper.application; includeInIndex = 0; path = EateryPointFun.app; sourceTree = BUILT_PRODUCTS_DIR; };
		732860B525F39397001F80F5 /* AppDelegate.swift */ = {isa = PBXFileReference; lastKnownFileType = sourcecode.swift; path = AppDelegate.swift; sourceTree = "<group>"; };
		732860B725F39397001F80F5 /* SceneDelegate.swift */ = {isa = PBXFileReference; lastKnownFileType = sourcecode.swift; path = SceneDelegate.swift; sourceTree = "<group>"; };
		732860B925F39397001F80F5 /* ViewController.swift */ = {isa = PBXFileReference; lastKnownFileType = sourcecode.swift; path = ViewController.swift; sourceTree = "<group>"; };
		732860BC25F39397001F80F5 /* Base */ = {isa = PBXFileReference; lastKnownFileType = file.storyboard; name = Base; path = Base.lproj/Main.storyboard; sourceTree = "<group>"; };
		732860BE25F39398001F80F5 /* Assets.xcassets */ = {isa = PBXFileReference; lastKnownFileType = folder.assetcatalog; path = Assets.xcassets; sourceTree = "<group>"; };
		732860C125F39398001F80F5 /* Base */ = {isa = PBXFileReference; lastKnownFileType = file.storyboard; name = Base; path = Base.lproj/LaunchScreen.storyboard; sourceTree = "<group>"; };
		732860C325F39398001F80F5 /* Info.plist */ = {isa = PBXFileReference; lastKnownFileType = text.plist.xml; path = Info.plist; sourceTree = "<group>"; };
		73A7CD4725F49E0B00AB7792 /* Restaurant.swift */ = {isa = PBXFileReference; lastKnownFileType = sourcecode.swift; path = Restaurant.swift; sourceTree = "<group>"; };
/* End PBXFileReference section */

/* Begin PBXFrameworksBuildPhase section */
		732860AF25F39397001F80F5 /* Frameworks */ = {
			isa = PBXFrameworksBuildPhase;
			buildActionMask = 2147483647;
			files = (
			);
			runOnlyForDeploymentPostprocessing = 0;
		};
/* End PBXFrameworksBuildPhase section */

/* Begin PBXGroup section */
		732860A925F39397001F80F5 = {
			isa = PBXGroup;
			children = (
				732860B425F39397001F80F5 /* EateryPointFun */,
				732860B325F39397001F80F5 /* Products */,
			);
			sourceTree = "<group>";
		};
		732860B325F39397001F80F5 /* Products */ = {
			isa = PBXGroup;
			children = (
				732860B225F39397001F80F5 /* EateryPointFun.app */,
			);
			name = Products;
			sourceTree = "<group>";
		};
		732860B425F39397001F80F5 /* EateryPointFun */ = {
			isa = PBXGroup;
			children = (
				73A7CD4625F49D9A00AB7792 /* Storyboard */,
				73A7CD4525F49D8D00AB7792 /* Extensions */,
				73A7CD4225F49D7100AB7792 /* Resources */,
				73A7CD4125F49D6900AB7792 /* Controller */,
				73A7CD4025F49D6200AB7792 /* View */,
				73A7CD3F25F49D5A00AB7792 /* Model */,
				732860B525F39397001F80F5 /* AppDelegate.swift */,
				732860B725F39397001F80F5 /* SceneDelegate.swift */,
				732860BE25F39398001F80F5 /* Assets.xcassets */,
				732860C325F39398001F80F5 /* Info.plist */,
			);
			path = EateryPointFun;
			sourceTree = "<group>";
		};
		73A7CD3F25F49D5A00AB7792 /* Model */ = {
			isa = PBXGroup;
			children = (
				73A7CD4725F49E0B00AB7792 /* Restaurant.swift */,
			);
			path = Model;
			sourceTree = "<group>";
		};
		73A7CD4025F49D6200AB7792 /* View */ = {
			isa = PBXGroup;
			children = (
			);
			path = View;
			sourceTree = "<group>";
		};
		73A7CD4125F49D6900AB7792 /* Controller */ = {
			isa = PBXGroup;
			children = (
				732860B925F39397001F80F5 /* ViewController.swift */,
			);
			path = Controller;
			sourceTree = "<group>";
		};
		73A7CD4225F49D7100AB7792 /* Resources */ = {
			isa = PBXGroup;
			children = (
				73A7CD4325F49D7800AB7792 /* Fonts */,
			);
			path = Resources;
			sourceTree = "<group>";
		};
		73A7CD4325F49D7800AB7792 /* Fonts */ = {
			isa = PBXGroup;
			children = (
			);
			path = Fonts;
			sourceTree = "<group>";
		};
		73A7CD4525F49D8D00AB7792 /* Extensions */ = {
			isa = PBXGroup;
			children = (
			);
			path = Extensions;
			sourceTree = "<group>";
		};
		73A7CD4625F49D9A00AB7792 /* Storyboard */ = {
			isa = PBXGroup;
			children = (
				732860C025F39398001F80F5 /* LaunchScreen.storyboard */,
				732860BB25F39397001F80F5 /* Main.storyboard */,
			);
			path = Storyboard;
			sourceTree = "<group>";
		};
/* End PBXGroup section */

/* Begin PBXNativeTarget section */
		732860B125F39397001F80F5 /* EateryPointFun */ = {
			isa = PBXNativeTarget;
			buildConfigurationList = 732860C625F39398001F80F5 /* Build configuration list for PBXNativeTarget "EateryPointFun" */;
			buildPhases = (
				732860AE25F39397001F80F5 /* Sources */,
				732860AF25F39397001F80F5 /* Frameworks */,
				732860B025F39397001F80F5 /* Resources */,
			);
			buildRules = (
			);
			dependencies = (
			);
			name = EateryPointFun;
			productName = EateryPointFun;
			productReference = 732860B225F39397001F80F5 /* EateryPointFun.app */;
			productType = "com.apple.product-type.application";
		};
/* End PBXNativeTarget section */

/* Begin PBXProject section */
		732860AA25F39397001F80F5 /* Project object */ = {
			isa = PBXProject;
			attributes = {
				LastSwiftUpdateCheck = 1240;
				LastUpgradeCheck = 1240;
				TargetAttributes = {
					732860B125F39397001F80F5 = {
						CreatedOnToolsVersion = 12.4;
					};
				};
			};
			buildConfigurationList = 732860AD25F39397001F80F5 /* Build configuration list for PBXProject "EateryPointFun" */;
			compatibilityVersion = "Xcode 9.3";
			developmentRegion = en;
			hasScannedForEncodings = 0;
			knownRegions = (
				en,
				Base,
			);
			mainGroup = 732860A925F39397001F80F5;
			productRefGroup = 732860B325F39397001F80F5 /* Products */;
			projectDirPath = "";
			projectRoot = "";
			targets = (
				732860B125F39397001F80F5 /* EateryPointFun */,
			);
		};
/* End PBXProject section */

/* Begin PBXResourcesBuildPhase section */
		732860B025F39397001F80F5 /* Resources */ = {
			isa = PBXResourcesBuildPhase;
			buildActionMask = 2147483647;
			files = (
				732860C225F39398001F80F5 /* LaunchScreen.storyboard in Resources */,
				732860BF25F39398001F80F5 /* Assets.xcassets in Resources */,
				732860BD25F39397001F80F5 /* Main.storyboard in Resources */,
			);
			runOnlyForDeploymentPostprocessing = 0;
		};
/* End PBXResourcesBuildPhase section */

/* Begin PBXSourcesBuildPhase section */
		732860AE25F39397001F80F5 /* Sources */ = {
			isa = PBXSourcesBuildPhase;
			buildActionMask = 2147483647;
			files = (
				73A7CD4825F49E0B00AB7792 /* Restaurant.swift in Sources */,
				732860BA25F39397001F80F5 /* ViewController.swift in Sources */,
				732860B625F39397001F80F5 /* AppDelegate.swift in Sources */,
				732860B825F39397001F80F5 /* SceneDelegate.swift in Sources */,
			);
			runOnlyForDeploymentPostprocessing = 0;
		};
/* End PBXSourcesBuildPhase section */

/* Begin PBXVariantGroup section */
		732860BB25F39397001F80F5 /* Main.storyboard */ = {
			isa = PBXVariantGroup;
			children = (
				732860BC25F39397001F80F5 /* Base */,
			);
			name = Main.storyboard;
			sourceTree = "<group>";
		};
		732860C025F39398001F80F5 /* LaunchScreen.storyboard */ = {
			isa = PBXVariantGroup;
			children = (
				732860C125F39398001F80F5 /* Base */,
			);
			name = LaunchScreen.storyboard;
			sourceTree = "<group>";
		};
/* End PBXVariantGroup section */

/* Begin XCBuildConfiguration section */
		732860C425F39398001F80F5 /* Debug */ = {
			isa = XCBuildConfiguration;
			buildSettings = {
				ALWAYS_SEARCH_USER_PATHS = NO;
				CLANG_ANALYZER_NONNULL = YES;
				CLANG_ANALYZER_NUMBER_OBJECT_CONVERSION = YES_AGGRESSIVE;
				CLANG_CXX_LANGUAGE_STANDARD = "gnu++14";
				CLANG_CXX_LIBRARY = "libc++";
				CLANG_ENABLE_MODULES = YES;
				CLANG_ENABLE_OBJC_ARC = YES;
				CLANG_ENABLE_OBJC_WEAK = YES;
				CLANG_WARN_BLOCK_CAPTURE_AUTORELEASING = YES;
				CLANG_WARN_BOOL_CONVERSION = YES;
				CLANG_WARN_COMMA = YES;
				CLANG_WARN_CONSTANT_CONVERSION = YES;
				CLANG_WARN_DEPRECATED_OBJC_IMPLEMENTATIONS = YES;
				CLANG_WARN_DIRECT_OBJC_ISA_USAGE = YES_ERROR;
				CLANG_WARN_DOCUMENTATION_COMMENTS = YES;
				CLANG_WARN_EMPTY_BODY = YES;
				CLANG_WARN_ENUM_CONVERSION = YES;
				CLANG_WARN_INFINITE_RECURSION = YES;
				CLANG_WARN_INT_CONVERSION = YES;
				CLANG_WARN_NON_LITERAL_NULL_CONVERSION = YES;
				CLANG_WARN_OBJC_IMPLICIT_RETAIN_SELF = YES;
				CLANG_WARN_OBJC_LITERAL_CONVERSION = YES;
				CLANG_WARN_OBJC_ROOT_CLASS = YES_ERROR;
				CLANG_WARN_QUOTED_INCLUDE_IN_FRAMEWORK_HEADER = YES;
				CLANG_WARN_RANGE_LOOP_ANALYSIS = YES;
				CLANG_WARN_STRICT_PROTOTYPES = YES;
				CLANG_WARN_SUSPICIOUS_MOVE = YES;
				CLANG_WARN_UNGUARDED_AVAILABILITY = YES_AGGRESSIVE;
				CLANG_WARN_UNREACHABLE_CODE = YES;
				CLANG_WARN__DUPLICATE_METHOD_MATCH = YES;
				COPY_PHASE_STRIP = NO;
				DEBUG_INFORMATION_FORMAT = dwarf;
				ENABLE_STRICT_OBJC_MSGSEND = YES;
				ENABLE_TESTABILITY = YES;
				GCC_C_LANGUAGE_STANDARD = gnu11;
				GCC_DYNAMIC_NO_PIC = NO;
				GCC_NO_COMMON_BLOCKS = YES;
				GCC_OPTIMIZATION_LEVEL = 0;
				GCC_PREPROCESSOR_DEFINITIONS = (
					"DEBUG=1",
					"$(inherited)",
				);
				GCC_WARN_64_TO_32_BIT_CONVERSION = YES;
				GCC_WARN_ABOUT_RETURN_TYPE = YES_ERROR;
				GCC_WARN_UNDECLARED_SELECTOR = YES;
				GCC_WARN_UNINITIALIZED_AUTOS = YES_AGGRESSIVE;
				GCC_WARN_UNUSED_FUNCTION = YES;
				GCC_WARN_UNUSED_VARIABLE = YES;
				IPHONEOS_DEPLOYMENT_TARGET = 14.4;
				MTL_ENABLE_DEBUG_INFO = INCLUDE_SOURCE;
				MTL_FAST_MATH = YES;
				ONLY_ACTIVE_ARCH = YES;
				SDKROOT = iphoneos;
				SWIFT_ACTIVE_COMPILATION_CONDITIONS = DEBUG;
				SWIFT_OPTIMIZATION_LEVEL = "-Onone";
			};
			name = Debug;
		};
		732860C525F39398001F80F5 /* Release */ = {
			isa = XCBuildConfiguration;
			buildSettings = {
				ALWAYS_SEARCH_USER_PATHS = NO;
				CLANG_ANALYZER_NONNULL = YES;
				CLANG_ANALYZER_NUMBER_OBJECT_CONVERSION = YES_AGGRESSIVE;
				CLANG_CXX_LANGUAGE_STANDARD = "gnu++14";
				CLANG_CXX_LIBRARY = "libc++";
				CLANG_ENABLE_MODULES = YES;
				CLANG_ENABLE_OBJC_ARC = YES;
				CLANG_ENABLE_OBJC_WEAK = YES;
				CLANG_WARN_BLOCK_CAPTURE_AUTORELEASING = YES;
				CLANG_WARN_BOOL_CONVERSION = YES;
				CLANG_WARN_COMMA = YES;
				CLANG_WARN_CONSTANT_CONVERSION = YES;
				CLANG_WARN_DEPRECATED_OBJC_IMPLEMENTATIONS = YES;
				CLANG_WARN_DIRECT_OBJC_ISA_USAGE = YES_ERROR;
				CLANG_WARN_DOCUMENTATION_COMMENTS = YES;
				CLANG_WARN_EMPTY_BODY = YES;
				CLANG_WARN_ENUM_CONVERSION = YES;
				CLANG_WARN_INFINITE_RECURSION = YES;
				CLANG_WARN_INT_CONVERSION = YES;
				CLANG_WARN_NON_LITERAL_NULL_CONVERSION = YES;
				CLANG_WARN_OBJC_IMPLICIT_RETAIN_SELF = YES;
				CLANG_WARN_OBJC_LITERAL_CONVERSION = YES;
				CLANG_WARN_OBJC_ROOT_CLASS = YES_ERROR;
				CLANG_WARN_QUOTED_INCLUDE_IN_FRAMEWORK_HEADER = YES;
				CLANG_WARN_RANGE_LOOP_ANALYSIS = YES;
				CLANG_WARN_STRICT_PROTOTYPES = YES;
				CLANG_WARN_SUSPICIOUS_MOVE = YES;
				CLANG_WARN_UNGUARDED_AVAILABILITY = YES_AGGRESSIVE;
				CLANG_WARN_UNREACHABLE_CODE = YES;
				CLANG_WARN__DUPLICATE_METHOD_MATCH = YES;
				COPY_PHASE_STRIP = NO;
				DEBUG_INFORMATION_FORMAT = "dwarf-with-dsym";
				ENABLE_NS_ASSERTIONS = NO;
				ENABLE_STRICT_OBJC_MSGSEND = YES;
				GCC_C_LANGUAGE_STANDARD = gnu11;
				GCC_NO_COMMON_BLOCKS = YES;
				GCC_WARN_64_TO_32_BIT_CONVERSION = YES;
				GCC_WARN_ABOUT_RETURN_TYPE = YES_ERROR;
				GCC_WARN_UNDECLARED_SELECTOR = YES;
				GCC_WARN_UNINITIALIZED_AUTOS = YES_AGGRESSIVE;
				GCC_WARN_UNUSED_FUNCTION = YES;
				GCC_WARN_UNUSED_VARIABLE = YES;
				IPHONEOS_DEPLOYMENT_TARGET = 14.4;
				MTL_ENABLE_DEBUG_INFO = NO;
				MTL_FAST_MATH = YES;
				SDKROOT = iphoneos;
				SWIFT_COMPILATION_MODE = wholemodule;
				SWIFT_OPTIMIZATION_LEVEL = "-O";
				VALIDATE_PRODUCT = YES;
			};
			name = Release;
		};
		732860C725F39398001F80F5 /* Debug */ = {
			isa = XCBuildConfiguration;
			buildSettings = {
				ASSETCATALOG_COMPILER_APPICON_NAME = AppIcon;
				ASSETCATALOG_COMPILER_GLOBAL_ACCENT_COLOR_NAME = AccentColor;
				CODE_SIGN_STYLE = Automatic;
				DEVELOPMENT_TEAM = SHSTR87TMU;
				INFOPLIST_FILE = EateryPointFun/Info.plist;
				LD_RUNPATH_SEARCH_PATHS = (
					"$(inherited)",
					"@executable_path/Frameworks",
				);
				PRODUCT_BUNDLE_IDENTIFIER = com.imacsuper.EateryPointFun;
				PRODUCT_NAME = "$(TARGET_NAME)";
				SWIFT_VERSION = 5.0;
				TARGETED_DEVICE_FAMILY = "1,2";
			};
			name = Debug;
		};
		732860C825F39398001F80F5 /* Release */ = {
			isa = XCBuildConfiguration;
			buildSettings = {
				ASSETCATALOG_COMPILER_APPICON_NAME = AppIcon;
				ASSETCATALOG_COMPILER_GLOBAL_ACCENT_COLOR_NAME = AccentColor;
				CODE_SIGN_STYLE = Automatic;
				DEVELOPMENT_TEAM = SHSTR87TMU;
				INFOPLIST_FILE = EateryPointFun/Info.plist;
				LD_RUNPATH_SEARCH_PATHS = (
					"$(inherited)",
					"@executable_path/Frameworks",
				);
				PRODUCT_BUNDLE_IDENTIFIER = com.imacsuper.EateryPointFun;
				PRODUCT_NAME = "$(TARGET_NAME)";
				SWIFT_VERSION = 5.0;
				TARGETED_DEVICE_FAMILY = "1,2";
			};
			name = Release;
		};
/* End XCBuildConfiguration section */

/* Begin XCConfigurationList section */
		732860AD25F39397001F80F5 /* Build configuration list for PBXProject "EateryPointFun" */ = {
			isa = XCConfigurationList;
			buildConfigurations = (
				732860C425F39398001F80F5 /* Debug */,
				732860C525F39398001F80F5 /* Release */,
			);
			defaultConfigurationIsVisible = 0;
			defaultConfigurationName = Release;
		};
		732860C625F39398001F80F5 /* Build configuration list for PBXNativeTarget "EateryPointFun" */ = {
			isa = XCConfigurationList;
			buildConfigurations = (
				732860C725F39398001F80F5 /* Debug */,
				732860C825F39398001F80F5 /* Release */,
			);
			defaultConfigurationIsVisible = 0;
			defaultConfigurationName = Release;
		};
/* End XCConfigurationList section */
	};
	rootObject = 732860AA25F39397001F80F5 /* Project object */;
}
